github.com/h2non/filetype v1.0.5 h1:Esu2EFM5vrzNynnGQpj0nxhCkzVQh2HRY7AXUh/dyJM=
github.com/h2non/filetype v1.0.5/go.mod h1:isekKqOuhMj+s/7r3rIeTErIRy4Rub5uBWHfvMusLMU=
github.com/knq/ini v0.0.0-20181118015158-a301e724bd35 h1:et/xKFFaPqT7bV8MOn5KVnNiqenWdE9KM8fPlni6z0g=
github.com/knq/ini v0.0.0-20181118015158-a301e724bd35/go.mod h1:kWZM2Rp5R3eP4q91Xms9JPMXuH7+yQrfTd3ZVzhxTUE=
github.com/mattn/go-runewidth v0.0.4 h1:2BvfKmzob6Bmd4YsL0zygOqfdFnK7GR4QL06Do4/p7Y=
github.com/mattn/go-runewidth v0.0.4/go.mod h1:LwmH8dsx7+W8Uxz3IHJYH5QSwggIsqBzpuz5H//U1FU=
github.com/mitchellh/go-homedir v1.0.0 h1:vKb8ShqSby24Yrqr/yDYkuFz8d0WUjys40rvnGC8aR0=
github.com/mitchellh/go-homedir v1.0.0/go.mod h1:SfyaCUpYCn1Vlf4IUYiD9fPX4A5wJrkLzIz1N1q0pr0=
github.com/olekukonko/tablewriter v0.0.1 h1:b3iUnf1v+ppJiOfNX4yxxqfWKMQPZR5yoh8urCTFX88=
github.com/olekukonko/tablewriter v0.0.1/go.mod h1:vsDQFd/mU46D+Z4whnwzcISnGGzXWMclvtLoiIKAKIo=
github.com/pkg/errors v0.8.1 h1:iURUrRGxPUNPdy5/HRSm+Yj6okJ6UtLINN0Q9M4+h3I=
github.com/pkg/errors v0.8.1/go.mod h1:bwawxfHBFNV+L2hUp1rHADufV3IMtnDRdf1r5NINEl0=
gopkg.in/h2non/filetype.v1 v1.0.5 h1:CC1jjJjoEhNVbMhXYalmGBhOBK2V70Q1N850wt/98/Y=
gopkg.in/h2non/filetype.v1 v1.0.5/go.mod h1:M0yem4rwSX5lLVrkEuRRp2/NinFMD5vgJ4DlAhZcfNo=
